// !$*UTF8*$!
{
	archiveVersion = 1;
	classes = {
	};
	objectVersion = 46;
	objects = {

/* Begin PBXBuildFile section */
		D41B36141A844AA30076C724 /* RZCamera.m in Sources */ = {isa = PBXBuildFile; fileRef = D41B35FC1A844AA30076C724 /* RZCamera.m */; };
		D41B36151A844AA30076C724 /* RZEffect.m in Sources */ = {isa = PBXBuildFile; fileRef = D41B35FE1A844AA30076C724 /* RZEffect.m */; };
		D41B36161A844AA30076C724 /* RZQuadMesh.m in Sources */ = {isa = PBXBuildFile; fileRef = D41B36021A844AA30076C724 /* RZQuadMesh.m */; };
		D41B36171A844AA30076C724 /* RZRenderLoop.m in Sources */ = {isa = PBXBuildFile; fileRef = D41B36051A844AA30076C724 /* RZRenderLoop.m */; };
		D41B36181A844AA30076C724 /* RZTransform3D.m in Sources */ = {isa = PBXBuildFile; fileRef = D41B36071A844AA30076C724 /* RZTransform3D.m */; };
		D41B36191A844AA30076C724 /* RZBlurEffect.m in Sources */ = {isa = PBXBuildFile; fileRef = D41B360A1A844AA30076C724 /* RZBlurEffect.m */; };
		D41B361A1A844AA30076C724 /* RZClothEffect.m in Sources */ = {isa = PBXBuildFile; fileRef = D41B360C1A844AA30076C724 /* RZClothEffect.m */; };
		D41B361B1A844AA30076C724 /* RZCompositeEffect.m in Sources */ = {isa = PBXBuildFile; fileRef = D41B360E1A844AA30076C724 /* RZCompositeEffect.m */; };
		D41B361C1A844AA30076C724 /* RZEffectView.m in Sources */ = {isa = PBXBuildFile; fileRef = D41B36111A844AA30076C724 /* RZEffectView.m */; };
		D41B361D1A844AA30076C724 /* RZViewTexture.m in Sources */ = {isa = PBXBuildFile; fileRef = D41B36131A844AA30076C724 /* RZViewTexture.m */; };
		D41DB81C1A681DDD00BFF5F9 /* main.m in Sources */ = {isa = PBXBuildFile; fileRef = D41DB81B1A681DDD00BFF5F9 /* main.m */; };
		D41DB81F1A681DDD00BFF5F9 /* AppDelegate.m in Sources */ = {isa = PBXBuildFile; fileRef = D41DB81E1A681DDD00BFF5F9 /* AppDelegate.m */; };
		D41DB8221A681DDD00BFF5F9 /* ViewController.m in Sources */ = {isa = PBXBuildFile; fileRef = D41DB8211A681DDD00BFF5F9 /* ViewController.m */; };
		D41DB8251A681DDD00BFF5F9 /* Main.storyboard in Resources */ = {isa = PBXBuildFile; fileRef = D41DB8231A681DDD00BFF5F9 /* Main.storyboard */; };
		D41DB8271A681DDD00BFF5F9 /* Images.xcassets in Resources */ = {isa = PBXBuildFile; fileRef = D41DB8261A681DDD00BFF5F9 /* Images.xcassets */; };
		D41DB82A1A681DDD00BFF5F9 /* LaunchScreen.xib in Resources */ = {isa = PBXBuildFile; fileRef = D41DB8281A681DDD00BFF5F9 /* LaunchScreen.xib */; };
		D41DB8361A681DDD00BFF5F9 /* RZEffectsDemoTests.m in Sources */ = {isa = PBXBuildFile; fileRef = D41DB8351A681DDD00BFF5F9 /* RZEffectsDemoTests.m */; };
/* End PBXBuildFile section */

/* Begin PBXContainerItemProxy section */
		D41DB8301A681DDD00BFF5F9 /* PBXContainerItemProxy */ = {
			isa = PBXContainerItemProxy;
			containerPortal = D41DB80E1A681DDD00BFF5F9 /* Project object */;
			proxyType = 1;
			remoteGlobalIDString = D41DB8151A681DDD00BFF5F9;
			remoteInfo = RZEffectsDemo;
		};
/* End PBXContainerItemProxy section */

/* Begin PBXFileReference section */
		D41B35FB1A844AA30076C724 /* RZCamera.h */ = {isa = PBXFileReference; fileEncoding = 4; lastKnownFileType = sourcecode.c.h; path = RZCamera.h; sourceTree = "<group>"; };
		D41B35FC1A844AA30076C724 /* RZCamera.m */ = {isa = PBXFileReference; fileEncoding = 4; lastKnownFileType = sourcecode.c.objc; path = RZCamera.m; sourceTree = "<group>"; };
		D41B35FD1A844AA30076C724 /* RZEffect.h */ = {isa = PBXFileReference; fileEncoding = 4; lastKnownFileType = sourcecode.c.h; path = RZEffect.h; sourceTree = "<group>"; };
		D41B35FE1A844AA30076C724 /* RZEffect.m */ = {isa = PBXFileReference; fileEncoding = 4; lastKnownFileType = sourcecode.c.objc; path = RZEffect.m; sourceTree = "<group>"; };
		D41B35FF1A844AA30076C724 /* RZEffectsCommon.h */ = {isa = PBXFileReference; fileEncoding = 4; lastKnownFileType = sourcecode.c.h; path = RZEffectsCommon.h; sourceTree = "<group>"; };
		D41B36001A844AA30076C724 /* RZOpenGLObject.h */ = {isa = PBXFileReference; fileEncoding = 4; lastKnownFileType = sourcecode.c.h; path = RZOpenGLObject.h; sourceTree = "<group>"; };
		D41B36011A844AA30076C724 /* RZQuadMesh.h */ = {isa = PBXFileReference; fileEncoding = 4; lastKnownFileType = sourcecode.c.h; path = RZQuadMesh.h; sourceTree = "<group>"; };
		D41B36021A844AA30076C724 /* RZQuadMesh.m */ = {isa = PBXFileReference; fileEncoding = 4; lastKnownFileType = sourcecode.c.objc; path = RZQuadMesh.m; sourceTree = "<group>"; };
		D41B36031A844AA30076C724 /* RZRenderable.h */ = {isa = PBXFileReference; fileEncoding = 4; lastKnownFileType = sourcecode.c.h; path = RZRenderable.h; sourceTree = "<group>"; };
		D41B36041A844AA30076C724 /* RZRenderLoop.h */ = {isa = PBXFileReference; fileEncoding = 4; lastKnownFileType = sourcecode.c.h; path = RZRenderLoop.h; sourceTree = "<group>"; };
		D41B36051A844AA30076C724 /* RZRenderLoop.m */ = {isa = PBXFileReference; fileEncoding = 4; lastKnownFileType = sourcecode.c.objc; path = RZRenderLoop.m; sourceTree = "<group>"; };
		D41B36061A844AA30076C724 /* RZTransform3D.h */ = {isa = PBXFileReference; fileEncoding = 4; lastKnownFileType = sourcecode.c.h; path = RZTransform3D.h; sourceTree = "<group>"; };
		D41B36071A844AA30076C724 /* RZTransform3D.m */ = {isa = PBXFileReference; fileEncoding = 4; lastKnownFileType = sourcecode.c.objc; path = RZTransform3D.m; sourceTree = "<group>"; };
		D41B36091A844AA30076C724 /* RZBlurEffect.h */ = {isa = PBXFileReference; fileEncoding = 4; lastKnownFileType = sourcecode.c.h; path = RZBlurEffect.h; sourceTree = "<group>"; };
		D41B360A1A844AA30076C724 /* RZBlurEffect.m */ = {isa = PBXFileReference; fileEncoding = 4; lastKnownFileType = sourcecode.c.objc; path = RZBlurEffect.m; sourceTree = "<group>"; };
		D41B360B1A844AA30076C724 /* RZClothEffect.h */ = {isa = PBXFileReference; fileEncoding = 4; lastKnownFileType = sourcecode.c.h; path = RZClothEffect.h; sourceTree = "<group>"; };
		D41B360C1A844AA30076C724 /* RZClothEffect.m */ = {isa = PBXFileReference; fileEncoding = 4; lastKnownFileType = sourcecode.c.objc; path = RZClothEffect.m; sourceTree = "<group>"; };
		D41B360D1A844AA30076C724 /* RZCompositeEffect.h */ = {isa = PBXFileReference; fileEncoding = 4; lastKnownFileType = sourcecode.c.h; path = RZCompositeEffect.h; sourceTree = "<group>"; };
		D41B360E1A844AA30076C724 /* RZCompositeEffect.m */ = {isa = PBXFileReference; fileEncoding = 4; lastKnownFileType = sourcecode.c.objc; path = RZCompositeEffect.m; sourceTree = "<group>"; };
		D41B36101A844AA30076C724 /* RZEffectView.h */ = {isa = PBXFileReference; fileEncoding = 4; lastKnownFileType = sourcecode.c.h; path = RZEffectView.h; sourceTree = "<group>"; };
		D41B36111A844AA30076C724 /* RZEffectView.m */ = {isa = PBXFileReference; fileEncoding = 4; lastKnownFileType = sourcecode.c.objc; path = RZEffectView.m; sourceTree = "<group>"; };
		D41B36121A844AA30076C724 /* RZViewTexture.h */ = {isa = PBXFileReference; fileEncoding = 4; lastKnownFileType = sourcecode.c.h; path = RZViewTexture.h; sourceTree = "<group>"; };
		D41B36131A844AA30076C724 /* RZViewTexture.m */ = {isa = PBXFileReference; fileEncoding = 4; lastKnownFileType = sourcecode.c.objc; path = RZViewTexture.m; sourceTree = "<group>"; };
		D41DB8161A681DDD00BFF5F9 /* RZEffectsDemo.app */ = {isa = PBXFileReference; explicitFileType = wrapper.application; includeInIndex = 0; path = RZEffectsDemo.app; sourceTree = BUILT_PRODUCTS_DIR; };
		D41DB81A1A681DDD00BFF5F9 /* Info.plist */ = {isa = PBXFileReference; lastKnownFileType = text.plist.xml; path = Info.plist; sourceTree = "<group>"; };
		D41DB81B1A681DDD00BFF5F9 /* main.m */ = {isa = PBXFileReference; lastKnownFileType = sourcecode.c.objc; path = main.m; sourceTree = "<group>"; };
		D41DB81D1A681DDD00BFF5F9 /* AppDelegate.h */ = {isa = PBXFileReference; lastKnownFileType = sourcecode.c.h; path = AppDelegate.h; sourceTree = "<group>"; };
		D41DB81E1A681DDD00BFF5F9 /* AppDelegate.m */ = {isa = PBXFileReference; lastKnownFileType = sourcecode.c.objc; path = AppDelegate.m; sourceTree = "<group>"; };
		D41DB8201A681DDD00BFF5F9 /* ViewController.h */ = {isa = PBXFileReference; lastKnownFileType = sourcecode.c.h; path = ViewController.h; sourceTree = "<group>"; };
		D41DB8211A681DDD00BFF5F9 /* ViewController.m */ = {isa = PBXFileReference; lastKnownFileType = sourcecode.c.objc; path = ViewController.m; sourceTree = "<group>"; };
		D41DB8241A681DDD00BFF5F9 /* Base */ = {isa = PBXFileReference; lastKnownFileType = file.storyboard; name = Base; path = Base.lproj/Main.storyboard; sourceTree = "<group>"; };
		D41DB8261A681DDD00BFF5F9 /* Images.xcassets */ = {isa = PBXFileReference; lastKnownFileType = folder.assetcatalog; path = Images.xcassets; sourceTree = "<group>"; };
		D41DB8291A681DDD00BFF5F9 /* Base */ = {isa = PBXFileReference; lastKnownFileType = file.xib; name = Base; path = Base.lproj/LaunchScreen.xib; sourceTree = "<group>"; };
		D41DB82F1A681DDD00BFF5F9 /* RZEffectsDemoTests.xctest */ = {isa = PBXFileReference; explicitFileType = wrapper.cfbundle; includeInIndex = 0; path = RZEffectsDemoTests.xctest; sourceTree = BUILT_PRODUCTS_DIR; };
		D41DB8341A681DDD00BFF5F9 /* Info.plist */ = {isa = PBXFileReference; lastKnownFileType = text.plist.xml; path = Info.plist; sourceTree = "<group>"; };
		D41DB8351A681DDD00BFF5F9 /* RZEffectsDemoTests.m */ = {isa = PBXFileReference; lastKnownFileType = sourcecode.c.objc; path = RZEffectsDemoTests.m; sourceTree = "<group>"; };
/* End PBXFileReference section */

/* Begin PBXFrameworksBuildPhase section */
		D41DB8131A681DDD00BFF5F9 /* Frameworks */ = {
			isa = PBXFrameworksBuildPhase;
			buildActionMask = 2147483647;
			files = (
			);
			runOnlyForDeploymentPostprocessing = 0;
		};
		D41DB82C1A681DDD00BFF5F9 /* Frameworks */ = {
			isa = PBXFrameworksBuildPhase;
			buildActionMask = 2147483647;
			files = (
			);
			runOnlyForDeploymentPostprocessing = 0;
		};
/* End PBXFrameworksBuildPhase section */

/* Begin PBXGroup section */
		D41B35F91A844AA30076C724 /* RZEffects */ = {
			isa = PBXGroup;
			children = (
				D41B35FA1A844AA30076C724 /* Core */,
				D41B36081A844AA30076C724 /* Effects */,
				D41B360F1A844AA30076C724 /* UIKit */,
			);
			name = RZEffects;
			path = ../../RZEffects;
			sourceTree = "<group>";
		};
		D41B35FA1A844AA30076C724 /* Core */ = {
			isa = PBXGroup;
			children = (
				D41B35FB1A844AA30076C724 /* RZCamera.h */,
				D41B35FC1A844AA30076C724 /* RZCamera.m */,
				D41B35FD1A844AA30076C724 /* RZEffect.h */,
				D41B35FE1A844AA30076C724 /* RZEffect.m */,
				D41B35FF1A844AA30076C724 /* RZEffectsCommon.h */,
				D41B36001A844AA30076C724 /* RZOpenGLObject.h */,
				D41B36011A844AA30076C724 /* RZQuadMesh.h */,
				D41B36021A844AA30076C724 /* RZQuadMesh.m */,
				D41B36031A844AA30076C724 /* RZRenderable.h */,
				D41B36041A844AA30076C724 /* RZRenderLoop.h */,
				D41B36051A844AA30076C724 /* RZRenderLoop.m */,
				D41B36061A844AA30076C724 /* RZTransform3D.h */,
				D41B36071A844AA30076C724 /* RZTransform3D.m */,
			);
			path = Core;
			sourceTree = "<group>";
		};
		D41B36081A844AA30076C724 /* Effects */ = {
			isa = PBXGroup;
			children = (
				D41B36091A844AA30076C724 /* RZBlurEffect.h */,
				D41B360A1A844AA30076C724 /* RZBlurEffect.m */,
				D41B360B1A844AA30076C724 /* RZClothEffect.h */,
				D41B360C1A844AA30076C724 /* RZClothEffect.m */,
				D41B360D1A844AA30076C724 /* RZCompositeEffect.h */,
				D41B360E1A844AA30076C724 /* RZCompositeEffect.m */,
			);
			path = Effects;
			sourceTree = "<group>";
		};
		D41B360F1A844AA30076C724 /* UIKit */ = {
			isa = PBXGroup;
			children = (
				D41B36101A844AA30076C724 /* RZEffectView.h */,
				D41B36111A844AA30076C724 /* RZEffectView.m */,
				D41B36121A844AA30076C724 /* RZViewTexture.h */,
				D41B36131A844AA30076C724 /* RZViewTexture.m */,
			);
			path = UIKit;
			sourceTree = "<group>";
		};
		D41DB80D1A681DDD00BFF5F9 = {
			isa = PBXGroup;
			children = (
				D41B35F91A844AA30076C724 /* RZEffects */,
				D41DB8181A681DDD00BFF5F9 /* RZEffectsDemo */,
				D41DB8321A681DDD00BFF5F9 /* RZEffectsDemoTests */,
				D41DB8171A681DDD00BFF5F9 /* Products */,
			);
			sourceTree = "<group>";
		};
		D41DB8171A681DDD00BFF5F9 /* Products */ = {
			isa = PBXGroup;
			children = (
				D41DB8161A681DDD00BFF5F9 /* RZEffectsDemo.app */,
				D41DB82F1A681DDD00BFF5F9 /* RZEffectsDemoTests.xctest */,
			);
			name = Products;
			sourceTree = "<group>";
		};
		D41DB8181A681DDD00BFF5F9 /* RZEffectsDemo */ = {
			isa = PBXGroup;
			children = (
				D41DB81D1A681DDD00BFF5F9 /* AppDelegate.h */,
				D41DB81E1A681DDD00BFF5F9 /* AppDelegate.m */,
				D41DB8201A681DDD00BFF5F9 /* ViewController.h */,
				D41DB8211A681DDD00BFF5F9 /* ViewController.m */,
				D41DB8231A681DDD00BFF5F9 /* Main.storyboard */,
				D41DB8261A681DDD00BFF5F9 /* Images.xcassets */,
				D41DB8281A681DDD00BFF5F9 /* LaunchScreen.xib */,
				D41DB8191A681DDD00BFF5F9 /* Supporting Files */,
			);
			path = RZEffectsDemo;
			sourceTree = "<group>";
		};
		D41DB8191A681DDD00BFF5F9 /* Supporting Files */ = {
			isa = PBXGroup;
			children = (
				D41DB81A1A681DDD00BFF5F9 /* Info.plist */,
				D41DB81B1A681DDD00BFF5F9 /* main.m */,
			);
			name = "Supporting Files";
			sourceTree = "<group>";
		};
		D41DB8321A681DDD00BFF5F9 /* RZEffectsDemoTests */ = {
			isa = PBXGroup;
			children = (
				D41DB8351A681DDD00BFF5F9 /* RZEffectsDemoTests.m */,
				D41DB8331A681DDD00BFF5F9 /* Supporting Files */,
			);
			path = RZEffectsDemoTests;
			sourceTree = "<group>";
		};
		D41DB8331A681DDD00BFF5F9 /* Supporting Files */ = {
			isa = PBXGroup;
			children = (
				D41DB8341A681DDD00BFF5F9 /* Info.plist */,
			);
			name = "Supporting Files";
			sourceTree = "<group>";
		};
/* End PBXGroup section */

/* Begin PBXNativeTarget section */
		D41DB8151A681DDD00BFF5F9 /* RZEffectsDemo */ = {
			isa = PBXNativeTarget;
			buildConfigurationList = D41DB8391A681DDD00BFF5F9 /* Build configuration list for PBXNativeTarget "RZEffectsDemo" */;
			buildPhases = (
				D41DB8121A681DDD00BFF5F9 /* Sources */,
				D41DB8131A681DDD00BFF5F9 /* Frameworks */,
				D41DB8141A681DDD00BFF5F9 /* Resources */,
			);
			buildRules = (
			);
			dependencies = (
			);
			name = RZEffectsDemo;
			productName = RZEffectsDemo;
			productReference = D41DB8161A681DDD00BFF5F9 /* RZEffectsDemo.app */;
			productType = "com.apple.product-type.application";
		};
		D41DB82E1A681DDD00BFF5F9 /* RZEffectsDemoTests */ = {
			isa = PBXNativeTarget;
			buildConfigurationList = D41DB83C1A681DDD00BFF5F9 /* Build configuration list for PBXNativeTarget "RZEffectsDemoTests" */;
			buildPhases = (
				D41DB82B1A681DDD00BFF5F9 /* Sources */,
				D41DB82C1A681DDD00BFF5F9 /* Frameworks */,
				D41DB82D1A681DDD00BFF5F9 /* Resources */,
			);
			buildRules = (
			);
			dependencies = (
				D41DB8311A681DDD00BFF5F9 /* PBXTargetDependency */,
			);
			name = RZEffectsDemoTests;
			productName = RZEffectsDemoTests;
			productReference = D41DB82F1A681DDD00BFF5F9 /* RZEffectsDemoTests.xctest */;
			productType = "com.apple.product-type.bundle.unit-test";
		};
/* End PBXNativeTarget section */

/* Begin PBXProject section */
		D41DB80E1A681DDD00BFF5F9 /* Project object */ = {
			isa = PBXProject;
			attributes = {
				LastUpgradeCheck = 0610;
				ORGANIZATIONNAME = Raizlabs;
				TargetAttributes = {
					D41DB8151A681DDD00BFF5F9 = {
						CreatedOnToolsVersion = 6.1.1;
					};
					D41DB82E1A681DDD00BFF5F9 = {
						CreatedOnToolsVersion = 6.1.1;
						TestTargetID = D41DB8151A681DDD00BFF5F9;
					};
				};
			};
			buildConfigurationList = D41DB8111A681DDD00BFF5F9 /* Build configuration list for PBXProject "RZEffectsDemo" */;
			compatibilityVersion = "Xcode 3.2";
			developmentRegion = English;
			hasScannedForEncodings = 0;
			knownRegions = (
				en,
				Base,
			);
			mainGroup = D41DB80D1A681DDD00BFF5F9;
			productRefGroup = D41DB8171A681DDD00BFF5F9 /* Products */;
			projectDirPath = "";
			projectRoot = "";
			targets = (
				D41DB8151A681DDD00BFF5F9 /* RZEffectsDemo */,
				D41DB82E1A681DDD00BFF5F9 /* RZEffectsDemoTests */,
			);
		};
/* End PBXProject section */

/* Begin PBXResourcesBuildPhase section */
		D41DB8141A681DDD00BFF5F9 /* Resources */ = {
			isa = PBXResourcesBuildPhase;
			buildActionMask = 2147483647;
			files = (
				D41DB8251A681DDD00BFF5F9 /* Main.storyboard in Resources */,
				D41DB82A1A681DDD00BFF5F9 /* LaunchScreen.xib in Resources */,
				D41DB8271A681DDD00BFF5F9 /* Images.xcassets in Resources */,
			);
			runOnlyForDeploymentPostprocessing = 0;
		};
		D41DB82D1A681DDD00BFF5F9 /* Resources */ = {
			isa = PBXResourcesBuildPhase;
			buildActionMask = 2147483647;
			files = (
			);
			runOnlyForDeploymentPostprocessing = 0;
		};
/* End PBXResourcesBuildPhase section */

/* Begin PBXSourcesBuildPhase section */
		D41DB8121A681DDD00BFF5F9 /* Sources */ = {
			isa = PBXSourcesBuildPhase;
			buildActionMask = 2147483647;
			files = (
				D41B36151A844AA30076C724 /* RZEffect.m in Sources */,
				D41B36181A844AA30076C724 /* RZTransform3D.m in Sources */,
				D41DB8221A681DDD00BFF5F9 /* ViewController.m in Sources */,
				D41DB81F1A681DDD00BFF5F9 /* AppDelegate.m in Sources */,
				D41B361D1A844AA30076C724 /* RZViewTexture.m in Sources */,
				D41B36141A844AA30076C724 /* RZCamera.m in Sources */,
				D41B361A1A844AA30076C724 /* RZClothEffect.m in Sources */,
				D41B36191A844AA30076C724 /* RZBlurEffect.m in Sources */,
				D41B361B1A844AA30076C724 /* RZCompositeEffect.m in Sources */,
				D41B36171A844AA30076C724 /* RZRenderLoop.m in Sources */,
				D41B361C1A844AA30076C724 /* RZEffectView.m in Sources */,
				D41DB81C1A681DDD00BFF5F9 /* main.m in Sources */,
				D41B36161A844AA30076C724 /* RZQuadMesh.m in Sources */,
			);
			runOnlyForDeploymentPostprocessing = 0;
		};
		D41DB82B1A681DDD00BFF5F9 /* Sources */ = {
			isa = PBXSourcesBuildPhase;
			buildActionMask = 2147483647;
			files = (
				D41DB8361A681DDD00BFF5F9 /* RZEffectsDemoTests.m in Sources */,
			);
			runOnlyForDeploymentPostprocessing = 0;
		};
/* End PBXSourcesBuildPhase section */

/* Begin PBXTargetDependency section */
		D41DB8311A681DDD00BFF5F9 /* PBXTargetDependency */ = {
			isa = PBXTargetDependency;
			target = D41DB8151A681DDD00BFF5F9 /* RZEffectsDemo */;
			targetProxy = D41DB8301A681DDD00BFF5F9 /* PBXContainerItemProxy */;
		};
/* End PBXTargetDependency section */

/* Begin PBXVariantGroup section */
		D41DB8231A681DDD00BFF5F9 /* Main.storyboard */ = {
			isa = PBXVariantGroup;
			children = (
				D41DB8241A681DDD00BFF5F9 /* Base */,
			);
			name = Main.storyboard;
			sourceTree = "<group>";
		};
		D41DB8281A681DDD00BFF5F9 /* LaunchScreen.xib */ = {
			isa = PBXVariantGroup;
			children = (
				D41DB8291A681DDD00BFF5F9 /* Base */,
			);
			name = LaunchScreen.xib;
			sourceTree = "<group>";
		};
/* End PBXVariantGroup section */

/* Begin XCBuildConfiguration section */
		D41DB8371A681DDD00BFF5F9 /* Debug */ = {
			isa = XCBuildConfiguration;
			buildSettings = {
				ALWAYS_SEARCH_USER_PATHS = NO;
				CLANG_CXX_LANGUAGE_STANDARD = "gnu++0x";
				CLANG_CXX_LIBRARY = "libc++";
				CLANG_ENABLE_MODULES = YES;
				CLANG_ENABLE_OBJC_ARC = YES;
				CLANG_WARN_BOOL_CONVERSION = YES;
				CLANG_WARN_CONSTANT_CONVERSION = YES;
				CLANG_WARN_DIRECT_OBJC_ISA_USAGE = YES_ERROR;
				CLANG_WARN_EMPTY_BODY = YES;
				CLANG_WARN_ENUM_CONVERSION = YES;
				CLANG_WARN_INT_CONVERSION = YES;
				CLANG_WARN_OBJC_ROOT_CLASS = YES_ERROR;
				CLANG_WARN_UNREACHABLE_CODE = YES;
				CLANG_WARN__DUPLICATE_METHOD_MATCH = YES;
				"CODE_SIGN_IDENTITY[sdk=iphoneos*]" = "iPhone Developer";
				COPY_PHASE_STRIP = NO;
				ENABLE_STRICT_OBJC_MSGSEND = YES;
				GCC_C_LANGUAGE_STANDARD = gnu99;
				GCC_DYNAMIC_NO_PIC = NO;
				GCC_OPTIMIZATION_LEVEL = 0;
				GCC_PREPROCESSOR_DEFINITIONS = (
					"DEBUG=1",
					"$(inherited)",
				);
				GCC_SYMBOLS_PRIVATE_EXTERN = NO;
				GCC_WARN_64_TO_32_BIT_CONVERSION = YES;
				GCC_WARN_ABOUT_RETURN_TYPE = YES_ERROR;
				GCC_WARN_UNDECLARED_SELECTOR = YES;
				GCC_WARN_UNINITIALIZED_AUTOS = YES_AGGRESSIVE;
				GCC_WARN_UNUSED_FUNCTION = YES;
				GCC_WARN_UNUSED_VARIABLE = YES;
				IPHONEOS_DEPLOYMENT_TARGET = 8.1;
				MTL_ENABLE_DEBUG_INFO = YES;
				ONLY_ACTIVE_ARCH = YES;
				SDKROOT = iphoneos;
				TARGETED_DEVICE_FAMILY = "1,2";
			};
			name = Debug;
		};
		D41DB8381A681DDD00BFF5F9 /* Release */ = {
			isa = XCBuildConfiguration;
			buildSettings = {
				ALWAYS_SEARCH_USER_PATHS = NO;
				CLANG_CXX_LANGUAGE_STANDARD = "gnu++0x";
				CLANG_CXX_LIBRARY = "libc++";
				CLANG_ENABLE_MODULES = YES;
				CLANG_ENABLE_OBJC_ARC = YES;
				CLANG_WARN_BOOL_CONVERSION = YES;
				CLANG_WARN_CONSTANT_CONVERSION = YES;
				CLANG_WARN_DIRECT_OBJC_ISA_USAGE = YES_ERROR;
				CLANG_WARN_EMPTY_BODY = YES;
				CLANG_WARN_ENUM_CONVERSION = YES;
				CLANG_WARN_INT_CONVERSION = YES;
				CLANG_WARN_OBJC_ROOT_CLASS = YES_ERROR;
				CLANG_WARN_UNREACHABLE_CODE = YES;
				CLANG_WARN__DUPLICATE_METHOD_MATCH = YES;
				"CODE_SIGN_IDENTITY[sdk=iphoneos*]" = "iPhone Developer";
				COPY_PHASE_STRIP = YES;
				ENABLE_NS_ASSERTIONS = NO;
				ENABLE_STRICT_OBJC_MSGSEND = YES;
				GCC_C_LANGUAGE_STANDARD = gnu99;
				GCC_WARN_64_TO_32_BIT_CONVERSION = YES;
				GCC_WARN_ABOUT_RETURN_TYPE = YES_ERROR;
				GCC_WARN_UNDECLARED_SELECTOR = YES;
				GCC_WARN_UNINITIALIZED_AUTOS = YES_AGGRESSIVE;
				GCC_WARN_UNUSED_FUNCTION = YES;
				GCC_WARN_UNUSED_VARIABLE = YES;
				IPHONEOS_DEPLOYMENT_TARGET = 8.1;
				MTL_ENABLE_DEBUG_INFO = NO;
				SDKROOT = iphoneos;
				TARGETED_DEVICE_FAMILY = "1,2";
				VALIDATE_PRODUCT = YES;
			};
			name = Release;
		};
		D41DB83A1A681DDD00BFF5F9 /* Debug */ = {
			isa = XCBuildConfiguration;
			buildSettings = {
				ASSETCATALOG_COMPILER_APPICON_NAME = AppIcon;
				INFOPLIST_FILE = RZEffectsDemo/Info.plist;
				LD_RUNPATH_SEARCH_PATHS = "$(inherited) @executable_path/Frameworks";
				PRODUCT_NAME = "$(TARGET_NAME)";
			};
			name = Debug;
		};
		D41DB83B1A681DDD00BFF5F9 /* Release */ = {
			isa = XCBuildConfiguration;
			buildSettings = {
				ASSETCATALOG_COMPILER_APPICON_NAME = AppIcon;
				INFOPLIST_FILE = RZEffectsDemo/Info.plist;
				LD_RUNPATH_SEARCH_PATHS = "$(inherited) @executable_path/Frameworks";
				PRODUCT_NAME = "$(TARGET_NAME)";
			};
			name = Release;
		};
		D41DB83D1A681DDD00BFF5F9 /* Debug */ = {
			isa = XCBuildConfiguration;
			buildSettings = {
				BUNDLE_LOADER = "$(TEST_HOST)";
				FRAMEWORK_SEARCH_PATHS = (
					"$(SDKROOT)/Developer/Library/Frameworks",
					"$(inherited)",
				);
				GCC_PREPROCESSOR_DEFINITIONS = (
					"DEBUG=1",
					"$(inherited)",
				);
				INFOPLIST_FILE = RZEffectsDemoTests/Info.plist;
				LD_RUNPATH_SEARCH_PATHS = "$(inherited) @executable_path/Frameworks @loader_path/Frameworks";
				PRODUCT_NAME = "$(TARGET_NAME)";
				TEST_HOST = "$(BUILT_PRODUCTS_DIR)/RZEffectsDemo.app/RZEffectsDemo";
			};
			name = Debug;
		};
		D41DB83E1A681DDD00BFF5F9 /* Release */ = {
			isa = XCBuildConfiguration;
			buildSettings = {
				BUNDLE_LOADER = "$(TEST_HOST)";
				FRAMEWORK_SEARCH_PATHS = (
					"$(SDKROOT)/Developer/Library/Frameworks",
					"$(inherited)",
				);
				INFOPLIST_FILE = RZEffectsDemoTests/Info.plist;
				LD_RUNPATH_SEARCH_PATHS = "$(inherited) @executable_path/Frameworks @loader_path/Frameworks";
				PRODUCT_NAME = "$(TARGET_NAME)";
				TEST_HOST = "$(BUILT_PRODUCTS_DIR)/RZEffectsDemo.app/RZEffectsDemo";
			};
			name = Release;
		};
/* End XCBuildConfiguration section */

/* Begin XCConfigurationList section */
		D41DB8111A681DDD00BFF5F9 /* Build configuration list for PBXProject "RZEffectsDemo" */ = {
			isa = XCConfigurationList;
			buildConfigurations = (
				D41DB8371A681DDD00BFF5F9 /* Debug */,
				D41DB8381A681DDD00BFF5F9 /* Release */,
			);
			defaultConfigurationIsVisible = 0;
			defaultConfigurationName = Release;
		};
		D41DB8391A681DDD00BFF5F9 /* Build configuration list for PBXNativeTarget "RZEffectsDemo" */ = {
			isa = XCConfigurationList;
			buildConfigurations = (
				D41DB83A1A681DDD00BFF5F9 /* Debug */,
				D41DB83B1A681DDD00BFF5F9 /* Release */,
			);
			defaultConfigurationIsVisible = 0;
			defaultConfigurationName = Release;
		};
		D41DB83C1A681DDD00BFF5F9 /* Build configuration list for PBXNativeTarget "RZEffectsDemoTests" */ = {
			isa = XCConfigurationList;
			buildConfigurations = (
				D41DB83D1A681DDD00BFF5F9 /* Debug */,
				D41DB83E1A681DDD00BFF5F9 /* Release */,
			);
			defaultConfigurationIsVisible = 0;
			defaultConfigurationName = Release;
		};
/* End XCConfigurationList section */
	};
	rootObject = D41DB80E1A681DDD00BFF5F9 /* Project object */;
}
